{
  "version": 4,
  "terraform_version": "1.0.3",
  "serial": 6,
  "lineage": "48cf5539-0ea7-2397-296c-22253c0dfdb1",
  "outputs": {
    "endpoint": {
      "value": "34.68.127.53",
      "type": "string"
    },
    "id": {
      "value": "projects/course-valavan/locations/us-central1/clusters/gke-auto-valavan-notepad-dev",
      "type": "string"
    },
    "master_version": {
      "value": "1.22.12-gke.300",
      "type": "string"
    },
    "subnet_auto_selflink": {
      "value": "https://www.googleapis.com/compute/v1/projects/course-valavan/regions/us-central1/subnetworks/gke-auto-valavan-notepad-dev-subnet",
      "type": "string"
    },
    "vpc_network_name": {
      "value": "projects/course-valavan/global/networks/vpc-valavan-notepad-dev",
      "type": "string"
    },
    "vpc_network_self_link": {
      "value": "https://www.googleapis.com/compute/v1/projects/course-valavan/global/networks/vpc-valavan-notepad-dev",
      "type": "string"
    }
  },
  "resources": [
    {
      "mode": "managed",
      "type": "google_compute_network",
      "name": "vpc_network",
      "provider": "provider[\"registry.terraform.io/hashicorp/google\"]",
      "instances": [
        {
          "schema_version": 0,
          "attributes": {
            "auto_create_subnetworks": false,
            "delete_default_routes_on_create": false,
            "description": "",
            "enable_ula_internal_ipv6": false,
            "gateway_ipv4": "",
            "id": "projects/course-valavan/global/networks/vpc-valavan-notepad-dev",
            "internal_ipv6_range": "",
            "mtu": 1460,
            "name": "vpc-valavan-notepad-dev",
            "project": "course-valavan",
            "routing_mode": "REGIONAL",
            "self_link": "https://www.googleapis.com/compute/v1/projects/course-valavan/global/networks/vpc-valavan-notepad-dev",
            "timeouts": null
          },
          "sensitive_attributes": [],
          "private": "eyJlMmJmYjczMC1lY2FhLTExZTYtOGY4OC0zNDM2M2JjN2M0YzAiOnsiY3JlYXRlIjoxMjAwMDAwMDAwMDAwLCJkZWxldGUiOjEyMDAwMDAwMDAwMDAsInVwZGF0ZSI6MTIwMDAwMDAwMDAwMH19"
        }
      ]
    },
    {
      "mode": "managed",
      "type": "google_compute_router",
      "name": "gke_net_router",
      "provider": "provider[\"registry.terraform.io/hashicorp/google\"]",
      "instances": [
        {
          "schema_version": 0,
          "attributes": {
            "bgp": [],
            "creation_timestamp": "2022-10-16T06:55:11.200-07:00",
            "description": "",
            "encrypted_interconnect_router": false,
            "id": "projects/course-valavan/regions/us-central1/routers/gke-router",
            "name": "gke-router",
            "network": "https://www.googleapis.com/compute/v1/projects/course-valavan/global/networks/vpc-valavan-notepad-dev",
            "project": "course-valavan",
            "region": "us-central1",
            "self_link": "https://www.googleapis.com/compute/v1/projects/course-valavan/regions/us-central1/routers/gke-router",
            "timeouts": null
          },
          "sensitive_attributes": [],
          "private": "eyJlMmJmYjczMC1lY2FhLTExZTYtOGY4OC0zNDM2M2JjN2M0YzAiOnsiY3JlYXRlIjoxMjAwMDAwMDAwMDAwLCJkZWxldGUiOjEyMDAwMDAwMDAwMDAsInVwZGF0ZSI6MTIwMDAwMDAwMDAwMH19",
          "dependencies": [
            "google_compute_network.vpc_network"
          ]
        }
      ]
    },
    {
      "mode": "managed",
      "type": "google_compute_router_nat",
      "name": "gke_cloud_nat",
      "provider": "provider[\"registry.terraform.io/hashicorp/google\"]",
      "instances": [
        {
          "schema_version": 0,
          "attributes": {
            "drain_nat_ips": null,
            "enable_dynamic_port_allocation": false,
            "enable_endpoint_independent_mapping": true,
            "icmp_idle_timeout_sec": 30,
            "id": "course-valavan/us-central1/gke-router/gke-cloud-nat",
            "log_config": [],
            "max_ports_per_vm": 0,
            "min_ports_per_vm": 0,
            "name": "gke-cloud-nat",
            "nat_ip_allocate_option": "AUTO_ONLY",
            "nat_ips": null,
            "project": "course-valavan",
            "region": "us-central1",
            "router": "gke-router",
            "source_subnetwork_ip_ranges_to_nat": "ALL_SUBNETWORKS_ALL_IP_RANGES",
            "subnetwork": [],
            "tcp_established_idle_timeout_sec": 1200,
            "tcp_transitory_idle_timeout_sec": 30,
            "timeouts": null,
            "udp_idle_timeout_sec": 30
          },
          "sensitive_attributes": [],
          "private": "eyJlMmJmYjczMC1lY2FhLTExZTYtOGY4OC0zNDM2M2JjN2M0YzAiOnsiY3JlYXRlIjoxMjAwMDAwMDAwMDAwLCJkZWxldGUiOjEyMDAwMDAwMDAwMDAsInVwZGF0ZSI6MTIwMDAwMDAwMDAwMH19",
          "dependencies": [
            "google_compute_network.vpc_network",
            "google_compute_router.gke_net_router"
          ]
        }
      ]
    },
    {
      "mode": "managed",
      "type": "google_compute_subnetwork",
      "name": "gke_auto_subnet",
      "provider": "provider[\"registry.terraform.io/hashicorp/google\"]",
      "instances": [
        {
          "schema_version": 0,
          "attributes": {
            "creation_timestamp": "2022-10-16T06:55:11.280-07:00",
            "description": "",
            "external_ipv6_prefix": "",
            "fingerprint": null,
            "gateway_address": "10.131.0.1",
            "id": "projects/course-valavan/regions/us-central1/subnetworks/gke-auto-valavan-notepad-dev-subnet",
            "ip_cidr_range": "10.131.0.0/24",
            "ipv6_access_type": "",
            "ipv6_cidr_range": "",
            "log_config": [],
            "name": "gke-auto-valavan-notepad-dev-subnet",
            "network": "https://www.googleapis.com/compute/v1/projects/course-valavan/global/networks/vpc-valavan-notepad-dev",
            "private_ip_google_access": false,
            "private_ipv6_google_access": "DISABLE_GOOGLE_ACCESS",
            "project": "course-valavan",
            "purpose": "PRIVATE",
            "region": "us-central1",
            "role": "",
            "secondary_ip_range": [
              {
                "ip_cidr_range": "10.1.0.0/16",
                "range_name": "gke-auto-pods"
              },
              {
                "ip_cidr_range": "10.100.2.0/23",
                "range_name": "gke-auto-services"
              }
            ],
            "self_link": "https://www.googleapis.com/compute/v1/projects/course-valavan/regions/us-central1/subnetworks/gke-auto-valavan-notepad-dev-subnet",
            "stack_type": "IPV4_ONLY",
            "timeouts": null
          },
          "sensitive_attributes": [],
          "private": "eyJlMmJmYjczMC1lY2FhLTExZTYtOGY4OC0zNDM2M2JjN2M0YzAiOnsiY3JlYXRlIjoxMjAwMDAwMDAwMDAwLCJkZWxldGUiOjEyMDAwMDAwMDAwMDAsInVwZGF0ZSI6MTIwMDAwMDAwMDAwMH19",
          "dependencies": [
            "google_compute_network.vpc_network"
          ]
        }
      ]
    },
    {
      "mode": "managed",
      "type": "google_container_cluster",
      "name": "auto_cluster",
      "provider": "provider[\"registry.terraform.io/hashicorp/google-beta\"]",
      "instances": [
        {
          "schema_version": 1,
          "attributes": {
            "addons_config": [
              {
                "cloudrun_config": [],
                "config_connector_config": [],
                "dns_cache_config": [
                  {
                    "enabled": true
                  }
                ],
                "gce_persistent_disk_csi_driver_config": [
                  {
                    "enabled": true
                  }
                ],
                "gcp_filestore_csi_driver_config": [
                  {
                    "enabled": true
                  }
                ],
                "gke_backup_agent_config": [],
                "horizontal_pod_autoscaling": [],
                "http_load_balancing": [],
                "istio_config": [],
                "kalm_config": [],
                "network_policy_config": [
                  {
                    "disabled": true
                  }
                ]
              }
            ],
            "authenticator_groups_config": [],
            "binary_authorization": [
              {
                "enabled": false,
                "evaluation_mode": ""
              }
            ],
            "cluster_autoscaling": [
              {
                "auto_provisioning_defaults": [
                  {
                    "boot_disk_kms_key": "",
                    "image_type": "COS_CONTAINERD",
                    "min_cpu_platform": "",
                    "oauth_scopes": [
                      "https://www.googleapis.com/auth/devstorage.read_only",
                      "https://www.googleapis.com/auth/logging.write",
                      "https://www.googleapis.com/auth/monitoring",
                      "https://www.googleapis.com/auth/service.management.readonly",
                      "https://www.googleapis.com/auth/servicecontrol",
                      "https://www.googleapis.com/auth/trace.append"
                    ],
                    "service_account": "default"
                  }
                ],
                "autoscaling_profile": "OPTIMIZE_UTILIZATION",
                "enabled": true,
                "resource_limits": [
                  {
                    "maximum": 1000000000,
                    "minimum": 0,
                    "resource_type": "cpu"
                  },
                  {
                    "maximum": 1000000000,
                    "minimum": 0,
                    "resource_type": "memory"
                  },
                  {
                    "maximum": 1000000000,
                    "minimum": 0,
                    "resource_type": "nvidia-tesla-t4"
                  },
                  {
                    "maximum": 1000000000,
                    "minimum": 0,
                    "resource_type": "nvidia-tesla-a100"
                  }
                ]
              }
            ],
            "cluster_ipv4_cidr": "10.1.0.0/16",
            "cluster_telemetry": [
              {
                "type": "ENABLED"
              }
            ],
            "confidential_nodes": [],
            "cost_management_config": [],
            "database_encryption": [
              {
                "key_name": "",
                "state": "DECRYPTED"
              }
            ],
            "datapath_provider": "ADVANCED_DATAPATH",
            "default_max_pods_per_node": 110,
            "default_snat_status": [
              {
                "disabled": false
              }
            ],
            "description": "",
            "dns_config": [],
            "enable_autopilot": true,
            "enable_binary_authorization": false,
            "enable_intranode_visibility": true,
            "enable_kubernetes_alpha": false,
            "enable_l4_ilb_subsetting": false,
            "enable_legacy_abac": false,
            "enable_shielded_nodes": true,
            "enable_tpu": false,
            "endpoint": "34.68.127.53",
            "id": "projects/course-valavan/locations/us-central1/clusters/gke-auto-valavan-notepad-dev",
            "identity_service_config": [],
            "initial_node_count": 0,
            "ip_allocation_policy": [
              {
                "cluster_ipv4_cidr_block": "10.1.0.0/16",
                "cluster_secondary_range_name": "gke-auto-pods",
                "services_ipv4_cidr_block": "10.100.2.0/23",
                "services_secondary_range_name": "gke-auto-services"
              }
            ],
            "label_fingerprint": "a9dc16a7",
            "location": "us-central1",
            "logging_config": [
              {
                "enable_components": [
                  "SYSTEM_COMPONENTS",
                  "WORKLOADS"
                ]
              }
            ],
            "logging_service": "logging.googleapis.com/kubernetes",
            "maintenance_policy": [],
            "master_auth": [
              {
                "client_certificate": "",
                "client_certificate_config": [
                  {
                    "issue_client_certificate": false
                  }
                ],
                "client_key": "",
                "cluster_ca_certificate": "LS0tLS1CRUdJTiBDRVJUSUZJQ0FURS0tLS0tCk1JSUVMRENDQXBTZ0F3SUJBZ0lRTldHMWtleVpsR2xaRmNmdkg5L0RhREFOQmdrcWhraUc5dzBCQVFzRkFEQXYKTVMwd0t3WURWUVFERXlSaFpUSmxOMkZtTnkxaVlUVXdMVFJqWXprdE9URmpOUzAzTlRoalpqWm1ZbVk0WVRBdwpJQmNOTWpJeE1ERTJNVEkxTlRNeldoZ1BNakExTWpFd01EZ3hNelUxTXpOYU1DOHhMVEFyQmdOVkJBTVRKR0ZsCk1tVTNZV1kzTFdKaE5UQXROR05qT1MwNU1XTTFMVGMxT0dObU5tWmlaamhoTURDQ0FhSXdEUVlKS29aSWh2Y04KQVFFQkJRQURnZ0dQQURDQ0FZb0NnZ0dCQVBlMlNzeUJYRUZUeWJSenRrV1pKbDNhclJxME1mV1l5Zk51UDNNaApWaHhkYUF4NTFBMUM0NS9XL2U2TE1FaTVKYjNGOWJlS1hiNFM4WTJ0ZUxoRWpYblVuclFSaTdqeklhS2U0NTM2CjY4UkVmNDZHOTZveU54Tkl5TmpKQ1FteFJsenl0bFBoajFHMEx3bjU4Tm5UNnBacFNsMkZYemRqUEI2YW1WRVEKdkRnamx5WGVOR3VVbE00Tkg5c004a1ByNEpNMHVDdmNRVjYrSHB6Yk9mY1JyRjVUSU1IOUM5ZlJTNDFSbE1BSgpqQnMzNFNwV2ZXZVFKR1NPUGNmWkpmOGNWQ1JVRVZCVzdSbDMydXl5Q2d1dGRJZDcxVGptbW5lcG9vbXQwbXZBCi81emNKNWhUUnVTeHBFREgxYUpibWlldmpzc0lhUlp3bTVuTTJFSDVSZDhHM05zczVrWURjV0FYbWZ4Vlk3REYKOUU1SFhSU2dhejdFN0NSZzR2UEE4ZEZFUlV6NW50SmlQTzZ1aGU2UXJkL3lkdnc4MmFXdmtNeTVjUkF5Tm13bwo0ZlRVYjZDNVVnQ0E1V3M1NWxQVUV2bk03YjZtZFJPd2lkbGtEZWpWZ0x1SDN2ZjVxQjlZSFI4c0xTTzRHaWQvCkVrd2x0Tlh2V01JckZrOFptMlRoaTNFcXl3SURBUUFCbzBJd1FEQU9CZ05WSFE4QkFmOEVCQU1DQWdRd0R3WUQKVlIwVEFRSC9CQVV3QXdFQi96QWRCZ05WSFE0RUZnUVUxOU1kT3cvU056YVVlQzNyQkw4M1dhWFJjYjh3RFFZSgpLb1pJaHZjTkFRRUxCUUFEZ2dHQkFHL3dzNkF6U0ZqSmNDZ2NlUVdUcXc5aWd6NFZ6UGl0K29wYUJtd21XVTJnCjljcW9RSjlYSm1CY3pHU2phRHNhRlU2bW1mcU5iTXlZUlhKR05TaWRBa1REOWxFVmFOZWVCanBjNWdYSWhkeTMKS1RWTEtQUTZnZFpUSWJSYlJLUE8wNTdVc1dHUFhBb2pudHpEVEs0RndtN2lkd0IzTHhXVVNVSW1iaHhkVVRpUwpxTnpNRXN2eVVxQURtenRXajl4Tmt6cFczbTZiS0IyMlRmODdldllMejhQWG1USk5WMFRWRk1ucUJQNUFQTTNSCkNDNnFwdVZnazRHaityR2s2NVFUZWJ1bUpOa0tUL1c1UXIwa1lBSUNXcEtISTZYcjVYa0VkVC9US3kvM0x1SWYKNmtQVkh5M3d4WHM5ZkFudk1qVEgreXlTWnRGcXZIeEdaSSsvK3RvWEpWdzZzekh0MEFYTStWR25YSjhVa1lVdwo0ZUllYTRDSUxiVzhLMGgzb0cwMlRHSTRZbDN3ZWJVTGxpcGN2ckZoeHNwWlVpclBrZ3U4ZHFNWWNqY3JhSm1nCkxsQ1VYSDFWS2tCaEt1bEpEYnUrZnZhWlltRWdWV2FHYzRXYmI5c0hOMXZUVUxZb2Q0dHhiL2RuM1RrMDdmdlIKbU1kM1UvU0R5YmJpZ1h4N2NiaUlQdz09Ci0tLS0tRU5EIENFUlRJRklDQVRFLS0tLS0K"
              }
            ],
            "master_authorized_networks_config": [],
            "master_version": "1.22.12-gke.300",
            "mesh_certificates": [],
            "min_master_version": "1.22.12-gke.300",
            "monitoring_config": [
              {
                "enable_components": [
                  "SYSTEM_COMPONENTS"
                ],
                "managed_prometheus": []
              }
            ],
            "monitoring_service": "monitoring.googleapis.com/kubernetes",
            "name": "gke-auto-valavan-notepad-dev",
            "network": "projects/course-valavan/global/networks/vpc-valavan-notepad-dev",
            "network_policy": [
              {
                "enabled": false,
                "provider": "PROVIDER_UNSPECIFIED"
              }
            ],
            "networking_mode": "VPC_NATIVE",
            "node_config": [
              {
                "boot_disk_kms_key": "",
                "disk_size_gb": 100,
                "disk_type": "pd-standard",
                "ephemeral_storage_config": [],
                "gcfs_config": [],
                "guest_accelerator": [],
                "gvnic": [],
                "image_type": "COS_CONTAINERD",
                "kubelet_config": [],
                "labels": {},
                "linux_node_config": [],
                "local_ssd_count": 0,
                "machine_type": "e2-medium",
                "metadata": {
                  "disable-legacy-endpoints": "true"
                },
                "min_cpu_platform": "",
                "node_group": "",
                "oauth_scopes": [
                  "https://www.googleapis.com/auth/devstorage.read_only",
                  "https://www.googleapis.com/auth/logging.write",
                  "https://www.googleapis.com/auth/monitoring",
                  "https://www.googleapis.com/auth/service.management.readonly",
                  "https://www.googleapis.com/auth/servicecontrol",
                  "https://www.googleapis.com/auth/trace.append"
                ],
                "preemptible": false,
                "reservation_affinity": [],
                "sandbox_config": [],
                "service_account": "default",
                "shielded_instance_config": [
                  {
                    "enable_integrity_monitoring": true,
                    "enable_secure_boot": true
                  }
                ],
                "spot": false,
                "tags": [],
                "taint": [],
                "workload_metadata_config": [
                  {
                    "mode": "GKE_METADATA"
                  }
                ]
              }
            ],
            "node_locations": [
              "us-central1-a",
              "us-central1-b",
              "us-central1-c",
              "us-central1-f"
            ],
            "node_pool": [
              {
                "autoscaling": [
                  {
                    "location_policy": "",
                    "max_node_count": 1000,
                    "min_node_count": 0,
                    "total_max_node_count": 0,
                    "total_min_node_count": 0
                  }
                ],
                "initial_node_count": 1,
                "instance_group_urls": [
                  "https://www.googleapis.com/compute/v1/projects/course-valavan/zones/us-central1-f/instanceGroupManagers/gk3-gke-auto-valavan-not-default-pool-87bd1375-grp",
                  "https://www.googleapis.com/compute/v1/projects/course-valavan/zones/us-central1-c/instanceGroupManagers/gk3-gke-auto-valavan-not-default-pool-ac795ad0-grp"
                ],
                "managed_instance_group_urls": [
                  "https://www.googleapis.com/compute/beta/projects/course-valavan/zones/us-central1-f/instanceGroups/gk3-gke-auto-valavan-not-default-pool-87bd1375-grp",
                  "https://www.googleapis.com/compute/beta/projects/course-valavan/zones/us-central1-c/instanceGroups/gk3-gke-auto-valavan-not-default-pool-ac795ad0-grp"
                ],
                "management": [
                  {
                    "auto_repair": true,
                    "auto_upgrade": true
                  }
                ],
                "max_pods_per_node": 32,
                "name": "default-pool",
                "name_prefix": "",
                "network_config": [
                  {
                    "create_pod_range": false,
                    "pod_ipv4_cidr_block": "10.1.0.0/16",
                    "pod_range": "gke-auto-pods"
                  }
                ],
                "node_config": [
                  {
                    "boot_disk_kms_key": "",
                    "disk_size_gb": 100,
                    "disk_type": "pd-standard",
                    "ephemeral_storage_config": [],
                    "gcfs_config": [],
                    "guest_accelerator": [],
                    "gvnic": [],
                    "image_type": "COS_CONTAINERD",
                    "kubelet_config": [],
                    "labels": {},
                    "linux_node_config": [],
                    "local_ssd_count": 0,
                    "machine_type": "e2-medium",
                    "metadata": {
                      "disable-legacy-endpoints": "true"
                    },
                    "min_cpu_platform": "",
                    "node_group": "",
                    "oauth_scopes": [
                      "https://www.googleapis.com/auth/devstorage.read_only",
                      "https://www.googleapis.com/auth/logging.write",
                      "https://www.googleapis.com/auth/monitoring",
                      "https://www.googleapis.com/auth/service.management.readonly",
                      "https://www.googleapis.com/auth/servicecontrol",
                      "https://www.googleapis.com/auth/trace.append"
                    ],
                    "preemptible": false,
                    "reservation_affinity": [],
                    "sandbox_config": [],
                    "service_account": "default",
                    "shielded_instance_config": [
                      {
                        "enable_integrity_monitoring": true,
                        "enable_secure_boot": true
                      }
                    ],
                    "spot": false,
                    "tags": [],
                    "taint": [],
                    "workload_metadata_config": [
                      {
                        "mode": "GKE_METADATA"
                      }
                    ]
                  }
                ],
                "node_count": 1,
                "node_locations": [
                  "us-central1-c",
                  "us-central1-f"
                ],
                "placement_policy": [],
                "upgrade_settings": [
                  {
                    "max_surge": 1,
                    "max_unavailable": 0
                  }
                ],
                "version": "1.22.12-gke.300"
              }
            ],
            "node_pool_auto_config": [
              {
                "network_tags": null
              }
            ],
            "node_pool_defaults": [
              {
                "node_config_defaults": null
              }
            ],
            "node_version": "1.22.12-gke.300",
            "notification_config": [
              {
                "pubsub": [
                  {
                    "enabled": false,
                    "filter": [],
                    "topic": ""
                  }
                ]
              }
            ],
            "operation": null,
            "pod_security_policy_config": [
              {
                "enabled": false
              }
            ],
            "private_cluster_config": [],
            "private_ipv6_google_access": "",
            "project": "course-valavan",
            "release_channel": [
              {
                "channel": "REGULAR"
              }
            ],
            "remove_default_node_pool": null,
            "resource_labels": null,
            "resource_usage_export_config": [],
            "self_link": "https://container.googleapis.com/v1beta1/projects/course-valavan/locations/us-central1/clusters/gke-auto-valavan-notepad-dev",
            "service_external_ips_config": [
              {
                "enabled": false
              }
            ],
            "services_ipv4_cidr": "10.100.2.0/23",
            "subnetwork": "projects/course-valavan/regions/us-central1/subnetworks/gke-auto-valavan-notepad-dev-subnet",
            "timeouts": {
              "create": "20m",
              "delete": "20m",
              "read": null,
              "update": "20m"
            },
            "tpu_config": null,
            "tpu_ipv4_cidr_block": "",
            "vertical_pod_autoscaling": [
              {
                "enabled": true
              }
            ],
            "workload_identity_config": [
              {
                "workload_pool": "course-valavan.svc.id.goog"
              }
            ]
          },
          "sensitive_attributes": [],
          "private": "eyJlMmJmYjczMC1lY2FhLTExZTYtOGY4OC0zNDM2M2JjN2M0YzAiOnsiY3JlYXRlIjoxMjAwMDAwMDAwMDAwLCJkZWxldGUiOjEyMDAwMDAwMDAwMDAsInJlYWQiOjI0MDAwMDAwMDAwMDAsInVwZGF0ZSI6MTIwMDAwMDAwMDAwMH0sInNjaGVtYV92ZXJzaW9uIjoiMSJ9",
          "dependencies": [
            "google_compute_network.vpc_network",
            "google_compute_subnetwork.gke_auto_subnet"
          ]
        }
      ]
    }
  ]
}
