{
  "version": 4,
  "terraform_version": "1.0.3",
  "serial": 26,
  "lineage": "33b22bdd-a1d0-cfef-42ec-a49db5123a1e",
  "outputs": {
    "mysql_conn": {
      "value": "course-valavan:us-central1:example-mysql-private-a9aca803",
      "type": "string"
    },
    "mysql_user_pass": {
      "value": "ZpWUDudyEiHzO0M2TfJoBlsIeW04QV81",
      "type": "string",
      "sensitive": true
    },
    "name": {
      "value": "example-mysql-private-a9aca803",
      "type": "string"
    },
    "private_ip_address": {
      "value": "10.34.0.2",
      "type": "string"
    },
    "project_id": {
      "value": "course-valavan",
      "type": "string"
    },
    "public_ip_address": {
      "value": "35.232.136.85",
      "type": "string"
    },
    "reserved_range_address": {
      "value": "10.34.0.0",
      "type": "string"
    },
    "reserved_range_name": {
      "value": "google-managed-services-mysql-private-safer-a8bb20d40c",
      "type": "string"
    }
  },
  "resources": [
    {
      "mode": "managed",
      "type": "random_id",
      "name": "suffix",
      "provider": "provider[\"registry.terraform.io/hashicorp/random\"]",
      "instances": [
        {
          "schema_version": 0,
          "attributes": {
            "b64_std": "qLsg1Aw=",
            "b64_url": "qLsg1Aw",
            "byte_length": 5,
            "dec": "724693996556",
            "hex": "a8bb20d40c",
            "id": "qLsg1Aw",
            "keepers": null,
            "prefix": null
          },
          "sensitive_attributes": []
        }
      ]
    },
    {
      "module": "module.network-safer-mysql-simple.module.vpc",
      "mode": "managed",
      "type": "google_compute_network",
      "name": "network",
      "provider": "provider[\"registry.terraform.io/hashicorp/google\"]",
      "instances": [
        {
          "schema_version": 0,
          "attributes": {
            "auto_create_subnetworks": false,
            "delete_default_routes_on_create": false,
            "description": "",
            "enable_ula_internal_ipv6": false,
            "gateway_ipv4": "",
            "id": "projects/course-valavan/global/networks/mysql-private-safer-a8bb20d40c",
            "internal_ipv6_range": "",
            "mtu": 0,
            "name": "mysql-private-safer-a8bb20d40c",
            "project": "course-valavan",
            "routing_mode": "GLOBAL",
            "self_link": "https://www.googleapis.com/compute/v1/projects/course-valavan/global/networks/mysql-private-safer-a8bb20d40c",
            "timeouts": null
          },
          "sensitive_attributes": [],
          "private": "eyJlMmJmYjczMC1lY2FhLTExZTYtOGY4OC0zNDM2M2JjN2M0YzAiOnsiY3JlYXRlIjoxMjAwMDAwMDAwMDAwLCJkZWxldGUiOjEyMDAwMDAwMDAwMDAsInVwZGF0ZSI6MTIwMDAwMDAwMDAwMH19",
          "dependencies": [
            "random_id.suffix"
          ]
        }
      ]
    },
    {
      "module": "module.private-service-access",
      "mode": "data",
      "type": "google_compute_network",
      "name": "main",
      "provider": "provider[\"registry.terraform.io/hashicorp/google\"]",
      "instances": [
        {
          "schema_version": 0,
          "attributes": {
            "description": "",
            "gateway_ipv4": "",
            "id": "projects/course-valavan/global/networks/mysql-private-safer-a8bb20d40c",
            "name": "mysql-private-safer-a8bb20d40c",
            "project": "course-valavan",
            "self_link": "https://www.googleapis.com/compute/v1/projects/course-valavan/global/networks/mysql-private-safer-a8bb20d40c",
            "subnetworks_self_links": []
          },
          "sensitive_attributes": []
        }
      ]
    },
    {
      "module": "module.private-service-access",
      "mode": "managed",
      "type": "google_compute_global_address",
      "name": "google-managed-services-range",
      "provider": "provider[\"registry.terraform.io/hashicorp/google-beta\"]",
      "instances": [
        {
          "schema_version": 0,
          "attributes": {
            "address": "10.34.0.0",
            "address_type": "INTERNAL",
            "creation_timestamp": "2022-10-16T07:37:54.689-07:00",
            "description": "",
            "id": "projects/course-valavan/global/addresses/google-managed-services-mysql-private-safer-a8bb20d40c",
            "ip_version": "",
            "label_fingerprint": "42WmSpB8rSM=",
            "labels": {},
            "name": "google-managed-services-mysql-private-safer-a8bb20d40c",
            "network": "https://www.googleapis.com/compute/v1/projects/course-valavan/global/networks/mysql-private-safer-a8bb20d40c",
            "prefix_length": 16,
            "project": "course-valavan",
            "purpose": "VPC_PEERING",
            "self_link": "https://www.googleapis.com/compute/v1/projects/course-valavan/global/addresses/google-managed-services-mysql-private-safer-a8bb20d40c",
            "timeouts": null
          },
          "sensitive_attributes": [],
          "private": "eyJlMmJmYjczMC1lY2FhLTExZTYtOGY4OC0zNDM2M2JjN2M0YzAiOnsiY3JlYXRlIjoxMjAwMDAwMDAwMDAwLCJkZWxldGUiOjEyMDAwMDAwMDAwMDAsInVwZGF0ZSI6MTIwMDAwMDAwMDAwMH19",
          "dependencies": [
            "module.network-safer-mysql-simple.module.vpc.google_compute_network.network",
            "module.private-service-access.data.google_compute_network.main",
            "random_id.suffix"
          ]
        }
      ]
    },
    {
      "module": "module.private-service-access",
      "mode": "managed",
      "type": "google_service_networking_connection",
      "name": "private_service_access",
      "provider": "provider[\"registry.terraform.io/hashicorp/google-beta\"]",
      "instances": [
        {
          "schema_version": 0,
          "attributes": {
            "id": "https%3A%2F%2Fwww.googleapis.com%2Fcompute%2Fv1%2Fprojects%2Fcourse-valavan%2Fglobal%2Fnetworks%2Fmysql-private-safer-a8bb20d40c:servicenetworking.googleapis.com",
            "network": "https://www.googleapis.com/compute/v1/projects/course-valavan/global/networks/mysql-private-safer-a8bb20d40c",
            "peering": "servicenetworking-googleapis-com",
            "reserved_peering_ranges": [
              "google-managed-services-mysql-private-safer-a8bb20d40c"
            ],
            "service": "servicenetworking.googleapis.com",
            "timeouts": null
          },
          "sensitive_attributes": [],
          "private": "eyJlMmJmYjczMC1lY2FhLTExZTYtOGY4OC0zNDM2M2JjN2M0YzAiOnsiY3JlYXRlIjo2MDAwMDAwMDAwMDAsImRlbGV0ZSI6NjAwMDAwMDAwMDAwLCJ1cGRhdGUiOjYwMDAwMDAwMDAwMH19",
          "dependencies": [
            "module.network-safer-mysql-simple.module.vpc.google_compute_network.network",
            "module.private-service-access.data.google_compute_network.main",
            "module.private-service-access.google_compute_global_address.google-managed-services-range",
            "random_id.suffix"
          ]
        }
      ]
    },
    {
      "module": "module.private-service-access",
      "mode": "managed",
      "type": "null_resource",
      "name": "dependency_setter",
      "provider": "provider[\"registry.terraform.io/hashicorp/null\"]",
      "instances": [
        {
          "schema_version": 0,
          "attributes": {
            "id": "8690802021954734687",
            "triggers": null
          },
          "sensitive_attributes": [],
          "private": "bnVsbA==",
          "dependencies": [
            "module.network-safer-mysql-simple.module.vpc.google_compute_network.network",
            "module.private-service-access.data.google_compute_network.main",
            "module.private-service-access.google_compute_global_address.google-managed-services-range",
            "module.private-service-access.google_service_networking_connection.private_service_access",
            "random_id.suffix"
          ]
        }
      ]
    },
    {
      "module": "module.safer-mysql-db.module.safer_mysql",
      "mode": "managed",
      "type": "google_sql_database",
      "name": "additional_databases",
      "provider": "provider[\"registry.terraform.io/hashicorp/google\"]",
      "instances": [
        {
          "index_key": "quickstart-db",
          "schema_version": 0,
          "attributes": {
            "charset": "utf8",
            "collation": "utf8_general_ci",
            "id": "projects/course-valavan/instances/example-mysql-private-a9aca803/databases/quickstart-db",
            "instance": "example-mysql-private-a9aca803",
            "name": "quickstart-db",
            "project": "course-valavan",
            "self_link": "https://sqladmin.googleapis.com/sql/v1beta4/projects/course-valavan/instances/example-mysql-private-a9aca803/databases/quickstart-db",
            "timeouts": null
          },
          "sensitive_attributes": [],
          "private": "eyJlMmJmYjczMC1lY2FhLTExZTYtOGY4OC0zNDM2M2JjN2M0YzAiOnsiY3JlYXRlIjoxMjAwMDAwMDAwMDAwLCJkZWxldGUiOjEyMDAwMDAwMDAwMDAsInVwZGF0ZSI6MTIwMDAwMDAwMDAwMH19",
          "dependencies": [
            "module.private-service-access.google_compute_global_address.google-managed-services-range",
            "module.private-service-access.google_service_networking_connection.private_service_access",
            "module.safer-mysql-db.module.safer_mysql.google_sql_database_instance.default",
            "module.safer-mysql-db.module.safer_mysql.random_id.suffix",
            "random_id.suffix",
            "module.private-service-access.data.google_compute_network.main",
            "module.private-service-access.null_resource.dependency_setter",
            "module.safer-mysql-db.module.safer_mysql.null_resource.module_depends_on",
            "module.network-safer-mysql-simple.module.vpc.google_compute_network.network"
          ]
        }
      ]
    },
    {
      "module": "module.safer-mysql-db.module.safer_mysql",
      "mode": "managed",
      "type": "google_sql_database",
      "name": "default",
      "provider": "provider[\"registry.terraform.io/hashicorp/google\"]",
      "instances": [
        {
          "index_key": 0,
          "schema_version": 0,
          "attributes": {
            "charset": "utf8",
            "collation": "utf8_general_ci",
            "id": "projects/course-valavan/instances/example-mysql-private-a9aca803/databases/default",
            "instance": "example-mysql-private-a9aca803",
            "name": "default",
            "project": "course-valavan",
            "self_link": "https://sqladmin.googleapis.com/sql/v1beta4/projects/course-valavan/instances/example-mysql-private-a9aca803/databases/default",
            "timeouts": null
          },
          "sensitive_attributes": [],
          "private": "eyJlMmJmYjczMC1lY2FhLTExZTYtOGY4OC0zNDM2M2JjN2M0YzAiOnsiY3JlYXRlIjoxMjAwMDAwMDAwMDAwLCJkZWxldGUiOjEyMDAwMDAwMDAwMDAsInVwZGF0ZSI6MTIwMDAwMDAwMDAwMH19",
          "dependencies": [
            "module.network-safer-mysql-simple.module.vpc.google_compute_network.network",
            "module.private-service-access.data.google_compute_network.main",
            "module.private-service-access.google_compute_global_address.google-managed-services-range",
            "module.private-service-access.null_resource.dependency_setter",
            "module.safer-mysql-db.module.safer_mysql.google_sql_database_instance.default",
            "module.safer-mysql-db.module.safer_mysql.null_resource.module_depends_on",
            "module.safer-mysql-db.module.safer_mysql.random_id.suffix",
            "module.private-service-access.google_service_networking_connection.private_service_access",
            "random_id.suffix"
          ]
        }
      ]
    },
    {
      "module": "module.safer-mysql-db.module.safer_mysql",
      "mode": "managed",
      "type": "google_sql_database_instance",
      "name": "default",
      "provider": "provider[\"registry.terraform.io/hashicorp/google-beta\"]",
      "instances": [
        {
          "schema_version": 0,
          "attributes": {
            "available_maintenance_versions": [],
            "clone": [],
            "connection_name": "course-valavan:us-central1:example-mysql-private-a9aca803",
            "database_version": "MYSQL_5_6",
            "deletion_protection": false,
            "encryption_key_name": null,
            "first_ip_address": "35.232.136.85",
            "id": "example-mysql-private-a9aca803",
            "ip_address": [
              {
                "ip_address": "35.232.136.85",
                "time_to_retire": "",
                "type": "PRIMARY"
              },
              {
                "ip_address": "10.34.0.2",
                "time_to_retire": "",
                "type": "PRIVATE"
              }
            ],
            "maintenance_version": "MYSQL_5_6_51.R20220809.02_02",
            "master_instance_name": "",
            "name": "example-mysql-private-a9aca803",
            "private_ip_address": "10.34.0.2",
            "project": "course-valavan",
            "public_ip_address": "35.232.136.85",
            "region": "us-central1",
            "replica_configuration": [],
            "restore_backup_context": [],
            "root_password": null,
            "self_link": "https://sqladmin.googleapis.com/sql/v1beta4/projects/course-valavan/instances/example-mysql-private-a9aca803",
            "server_ca_cert": [
              {
                "cert": "-----BEGIN CERTIFICATE-----\nMIIDfzCCAmegAwIBAgIBADANBgkqhkiG9w0BAQsFADB3MS0wKwYDVQQuEyRlN2Zk\nNmQzZi0xMjZkLTQ2NjctYmYyOC1hMzQ2YWM5OTUzZDUxIzAhBgNVBAMTGkdvb2ds\nZSBDbG91ZCBTUUwgU2VydmVyIENBMRQwEgYDVQQKEwtHb29nbGUsIEluYzELMAkG\nA1UEBhMCVVMwHhcNMjIxMDE2MTQ0MjM4WhcNMzIxMDEzMTQ0MzM4WjB3MS0wKwYD\nVQQuEyRlN2ZkNmQzZi0xMjZkLTQ2NjctYmYyOC1hMzQ2YWM5OTUzZDUxIzAhBgNV\nBAMTGkdvb2dsZSBDbG91ZCBTUUwgU2VydmVyIENBMRQwEgYDVQQKEwtHb29nbGUs\nIEluYzELMAkGA1UEBhMCVVMwggEiMA0GCSqGSIb3DQEBAQUAA4IBDwAwggEKAoIB\nAQCQIjveBnOy3rvZASmkJHkUlJqZDhzc5KNmki1eCjO9rYaj+bUiGYltWzxxdcTf\noGz2/t9zqJ83Br7RnN9cpqWNgXumG3nr0UIoiKy4S+IoL5wMtKiiJp7Rd2U1zW14\nFRUkqTwyUNvCzKD3zpYmnBwNojsi2u1Sg7SWggtRICzj4OV/iQL5+2Eu3gVmEGVQ\n8hJGbkOqXBx3P4PPi50yTxro6wiSoh8cyqxOuiDOuvAj6X+Tncddkc13i1iIIgR3\nPGej9XtvV5XgfMupNdDenzamLnbQtYZTcRB/w/koy3++YucenUP43IZ0uWNb5+ri\nPgXVoDYVPGLhklkiLFaPwAdfAgMBAAGjFjAUMBIGA1UdEwEB/wQIMAYBAf8CAQAw\nDQYJKoZIhvcNAQELBQADggEBACMyBSYyJ0yl9m/KUjM5cU5IvDeyQczTQ5g6Zxwn\nBo2lQOomQHEnCmBjjtA/ua22Ia9vX/ZXsMh0523QTtLILgfpB5MgvbjaxbCB4+rn\nWNEmTx+qGpVpM9tnOrVxQz3XRRTX9E01SdsomAdsrxknlnIDv3w3IxKXtHqomtIf\nMEkN8RmMP+hjEjL9dfyFk0nB2UELidd2pU92zwcRsq9EyWri/tXWHWqra0v2Epdk\nlPPjZ9ZPL8miUCfiJlunrjBXIh41XOsNTBzd2ZyKr3OGqNqitHJaDp7agCaJNJQO\n42uUwfqEtN7F/YUiKMGlV5+6AqUtlhiSKc0+dOaWw46nGDY=\n-----END CERTIFICATE-----",
                "common_name": "C=US,O=Google\\, Inc,CN=Google Cloud SQL Server CA,dnQualifier=e7fd6d3f-126d-4667-bf28-a346ac9953d5",
                "create_time": "2022-10-16T14:42:38.689Z",
                "expiration_time": "2032-10-13T14:43:38.689Z",
                "sha1_fingerprint": "49a09034a0c3ffa43b81208164751e5c84b9707d"
              }
            ],
            "service_account_email_address": "p740521406164-egd0ew@gcp-sa-cloud-sql.iam.gserviceaccount.com",
            "settings": [
              {
                "activation_policy": "ALWAYS",
                "active_directory_config": [],
                "availability_type": "REGIONAL",
                "backup_configuration": [
                  {
                    "backup_retention_settings": [
                      {
                        "retained_backups": 7,
                        "retention_unit": "COUNT"
                      }
                    ],
                    "binary_log_enabled": true,
                    "enabled": true,
                    "location": "",
                    "point_in_time_recovery_enabled": false,
                    "start_time": "11:00",
                    "transaction_log_retention_days": 7
                  }
                ],
                "collation": "",
                "database_flags": [],
                "disk_autoresize": true,
                "disk_autoresize_limit": 0,
                "disk_size": 10,
                "disk_type": "PD_SSD",
                "insights_config": [],
                "ip_configuration": [
                  {
                    "allocated_ip_range": "google-managed-services-mysql-private-safer-a8bb20d40c",
                    "authorized_networks": [],
                    "ipv4_enabled": true,
                    "private_network": "projects/course-valavan/global/networks/mysql-private-safer-a8bb20d40c",
                    "require_ssl": true
                  }
                ],
                "location_preference": [
                  {
                    "follow_gae_application": "",
                    "secondary_zone": "",
                    "zone": "us-central1-c"
                  }
                ],
                "maintenance_window": [
                  {
                    "day": 1,
                    "hour": 23,
                    "update_track": "stable"
                  }
                ],
                "password_validation_policy": [],
                "pricing_plan": "PER_USE",
                "sql_server_audit_config": [],
                "tier": "db-n1-standard-1",
                "user_labels": {},
                "version": 4
              }
            ],
            "timeouts": {
              "create": "15m",
              "delete": "15m",
              "update": "15m"
            }
          },
          "sensitive_attributes": [],
          "private": "eyJlMmJmYjczMC1lY2FhLTExZTYtOGY4OC0zNDM2M2JjN2M0YzAiOnsiY3JlYXRlIjo5MDAwMDAwMDAwMDAsImRlbGV0ZSI6OTAwMDAwMDAwMDAwLCJ1cGRhdGUiOjkwMDAwMDAwMDAwMH19",
          "dependencies": [
            "module.private-service-access.google_compute_global_address.google-managed-services-range",
            "module.private-service-access.google_service_networking_connection.private_service_access",
            "module.private-service-access.null_resource.dependency_setter",
            "module.safer-mysql-db.module.safer_mysql.null_resource.module_depends_on",
            "module.safer-mysql-db.module.safer_mysql.random_id.suffix",
            "random_id.suffix",
            "module.network-safer-mysql-simple.module.vpc.google_compute_network.network",
            "module.private-service-access.data.google_compute_network.main"
          ]
        }
      ]
    },
    {
      "module": "module.safer-mysql-db.module.safer_mysql",
      "mode": "managed",
      "type": "google_sql_user",
      "name": "additional_users",
      "provider": "provider[\"registry.terraform.io/hashicorp/google\"]",
      "instances": [
        {
          "index_key": "quickstart-user2",
          "schema_version": 1,
          "attributes": {
            "deletion_policy": null,
            "host": "",
            "id": "quickstart-user2//example-mysql-private-a9aca803",
            "instance": "example-mysql-private-a9aca803",
            "name": "quickstart-user2",
            "password": "PaSsWoRd",
            "password_policy": [],
            "project": "course-valavan",
            "sql_server_user_details": [],
            "timeouts": null,
            "type": ""
          },
          "sensitive_attributes": [],
          "private": "eyJlMmJmYjczMC1lY2FhLTExZTYtOGY4OC0zNDM2M2JjN2M0YzAiOnsiY3JlYXRlIjo2MDAwMDAwMDAwMDAsImRlbGV0ZSI6NjAwMDAwMDAwMDAwLCJ1cGRhdGUiOjYwMDAwMDAwMDAwMH0sInNjaGVtYV92ZXJzaW9uIjoiMSJ9",
          "dependencies": [
            "module.private-service-access.data.google_compute_network.main",
            "module.private-service-access.google_compute_global_address.google-managed-services-range",
            "module.private-service-access.google_service_networking_connection.private_service_access",
            "module.safer-mysql-db.module.safer_mysql.random_id.suffix",
            "random_id.suffix",
            "module.network-safer-mysql-simple.module.vpc.google_compute_network.network",
            "module.safer-mysql-db.module.safer_mysql.google_sql_database_instance.default",
            "module.safer-mysql-db.module.safer_mysql.google_sql_database_instance.replicas",
            "module.safer-mysql-db.module.safer_mysql.null_resource.module_depends_on",
            "module.safer-mysql-db.module.safer_mysql.random_password.additional_passwords",
            "module.private-service-access.null_resource.dependency_setter"
          ]
        }
      ]
    },
    {
      "module": "module.safer-mysql-db.module.safer_mysql",
      "mode": "managed",
      "type": "google_sql_user",
      "name": "default",
      "provider": "provider[\"registry.terraform.io/hashicorp/google\"]",
      "instances": [
        {
          "index_key": 0,
          "schema_version": 1,
          "attributes": {
            "deletion_policy": null,
            "host": "cloudsqlproxy~%",
            "id": "default/cloudsqlproxy~%/example-mysql-private-a9aca803",
            "instance": "example-mysql-private-a9aca803",
            "name": "default",
            "password": "ZpWUDudyEiHzO0M2TfJoBlsIeW04QV81",
            "password_policy": [],
            "project": "course-valavan",
            "sql_server_user_details": [],
            "timeouts": null,
            "type": ""
          },
          "sensitive_attributes": [
            [
              {
                "type": "get_attr",
                "value": "password"
              }
            ]
          ],
          "private": "eyJlMmJmYjczMC1lY2FhLTExZTYtOGY4OC0zNDM2M2JjN2M0YzAiOnsiY3JlYXRlIjo2MDAwMDAwMDAwMDAsImRlbGV0ZSI6NjAwMDAwMDAwMDAwLCJ1cGRhdGUiOjYwMDAwMDAwMDAwMH0sInNjaGVtYV92ZXJzaW9uIjoiMSJ9",
          "dependencies": [
            "random_id.suffix",
            "module.network-safer-mysql-simple.module.vpc.google_compute_network.network",
            "module.private-service-access.data.google_compute_network.main",
            "module.private-service-access.google_service_networking_connection.private_service_access",
            "module.safer-mysql-db.module.safer_mysql.google_sql_database_instance.default",
            "module.safer-mysql-db.module.safer_mysql.random_password.user-password",
            "module.private-service-access.google_compute_global_address.google-managed-services-range",
            "module.private-service-access.null_resource.dependency_setter",
            "module.safer-mysql-db.module.safer_mysql.google_sql_database_instance.replicas",
            "module.safer-mysql-db.module.safer_mysql.null_resource.module_depends_on",
            "module.safer-mysql-db.module.safer_mysql.random_id.suffix"
          ]
        }
      ]
    },
    {
      "module": "module.safer-mysql-db.module.safer_mysql",
      "mode": "managed",
      "type": "null_resource",
      "name": "module_depends_on",
      "provider": "provider[\"registry.terraform.io/hashicorp/null\"]",
      "instances": [
        {
          "schema_version": 0,
          "attributes": {
            "id": "2143868357349401354",
            "triggers": {
              "value": "1"
            }
          },
          "sensitive_attributes": [],
          "private": "bnVsbA==",
          "dependencies": [
            "module.network-safer-mysql-simple.module.vpc.google_compute_network.network",
            "module.private-service-access.data.google_compute_network.main",
            "module.private-service-access.google_compute_global_address.google-managed-services-range",
            "module.private-service-access.google_service_networking_connection.private_service_access",
            "module.private-service-access.null_resource.dependency_setter",
            "random_id.suffix"
          ]
        }
      ]
    },
    {
      "module": "module.safer-mysql-db.module.safer_mysql",
      "mode": "managed",
      "type": "random_id",
      "name": "suffix",
      "provider": "provider[\"registry.terraform.io/hashicorp/random\"]",
      "instances": [
        {
          "index_key": 0,
          "schema_version": 0,
          "attributes": {
            "b64_std": "qayoAw==",
            "b64_url": "qayoAw",
            "byte_length": 4,
            "dec": "2846664707",
            "hex": "a9aca803",
            "id": "qayoAw",
            "keepers": null,
            "prefix": null
          },
          "sensitive_attributes": []
        }
      ]
    },
    {
      "module": "module.safer-mysql-db.module.safer_mysql",
      "mode": "managed",
      "type": "random_password",
      "name": "additional_passwords",
      "provider": "provider[\"registry.terraform.io/hashicorp/random\"]",
      "instances": [
        {
          "index_key": "quickstart-user2",
          "schema_version": 3,
          "attributes": {
            "bcrypt_hash": "$2a$10$DCRySJbYSFGOPpiRcxSwm.dXJVO83IF6sKBOaZS8Ynx2KvyIGrjUG",
            "id": "none",
            "keepers": {
              "name": "example-mysql-private-a9aca803"
            },
            "length": 32,
            "lower": true,
            "min_lower": 0,
            "min_numeric": 0,
            "min_special": 0,
            "min_upper": 0,
            "number": true,
            "numeric": true,
            "override_special": null,
            "result": "OuTST13wA9cCEqnz162WVhSssFHhSvfv",
            "special": false,
            "upper": true
          },
          "sensitive_attributes": [],
          "dependencies": [
            "module.private-service-access.google_compute_global_address.google-managed-services-range",
            "module.private-service-access.google_service_networking_connection.private_service_access",
            "module.private-service-access.null_resource.dependency_setter",
            "module.safer-mysql-db.module.safer_mysql.google_sql_database_instance.default",
            "module.safer-mysql-db.module.safer_mysql.null_resource.module_depends_on",
            "random_id.suffix",
            "module.network-safer-mysql-simple.module.vpc.google_compute_network.network",
            "module.private-service-access.data.google_compute_network.main",
            "module.safer-mysql-db.module.safer_mysql.random_id.suffix"
          ]
        }
      ]
    },
    {
      "module": "module.safer-mysql-db.module.safer_mysql",
      "mode": "managed",
      "type": "random_password",
      "name": "user-password",
      "provider": "provider[\"registry.terraform.io/hashicorp/random\"]",
      "instances": [
        {
          "schema_version": 3,
          "attributes": {
            "bcrypt_hash": "$2a$10$rilQaVtZ67jqfdTa0WlP/ORL5.WaS3ULIJuOA3dSBl3qAu8GQU0l2",
            "id": "none",
            "keepers": {
              "name": "example-mysql-private-a9aca803"
            },
            "length": 32,
            "lower": true,
            "min_lower": 0,
            "min_numeric": 0,
            "min_special": 0,
            "min_upper": 0,
            "number": true,
            "numeric": true,
            "override_special": null,
            "result": "ZpWUDudyEiHzO0M2TfJoBlsIeW04QV81",
            "special": false,
            "upper": true
          },
          "sensitive_attributes": [],
          "dependencies": [
            "module.safer-mysql-db.module.safer_mysql.google_sql_database_instance.default",
            "module.safer-mysql-db.module.safer_mysql.random_id.suffix",
            "random_id.suffix",
            "module.private-service-access.google_compute_global_address.google-managed-services-range",
            "module.private-service-access.null_resource.dependency_setter",
            "module.private-service-access.google_service_networking_connection.private_service_access",
            "module.safer-mysql-db.module.safer_mysql.null_resource.module_depends_on",
            "module.network-safer-mysql-simple.module.vpc.google_compute_network.network",
            "module.private-service-access.data.google_compute_network.main"
          ]
        }
      ]
    },
    {
      "module": "module.service_accounts",
      "mode": "managed",
      "type": "google_project_iam_member",
      "name": "project-roles",
      "provider": "provider[\"registry.terraform.io/hashicorp/google\"]",
      "instances": [
        {
          "index_key": "single-account-course-valavan=\u003eroles/cloudsql.client",
          "schema_version": 0,
          "attributes": {
            "condition": [],
            "etag": "BwXrKB3txe4=",
            "id": "course-valavan/roles/cloudsql.client/serviceAccount:sa-single-account@course-valavan.iam.gserviceaccount.com",
            "member": "serviceAccount:sa-single-account@course-valavan.iam.gserviceaccount.com",
            "project": "course-valavan",
            "role": "roles/cloudsql.client"
          },
          "sensitive_attributes": [],
          "private": "bnVsbA==",
          "dependencies": [
            "module.service_accounts.google_service_account.service_accounts"
          ]
        }
      ]
    },
    {
      "module": "module.service_accounts",
      "mode": "managed",
      "type": "google_service_account",
      "name": "service_accounts",
      "provider": "provider[\"registry.terraform.io/hashicorp/google\"]",
      "instances": [
        {
          "index_key": "single-account",
          "schema_version": 0,
          "attributes": {
            "account_id": "sa-single-account",
            "description": "Service Account to connect GKE deployments to Cloud SQL Managed Instance",
            "disabled": false,
            "display_name": "GKE-CloudSQL Service Account",
            "email": "sa-single-account@course-valavan.iam.gserviceaccount.com",
            "id": "projects/course-valavan/serviceAccounts/sa-single-account@course-valavan.iam.gserviceaccount.com",
            "name": "projects/course-valavan/serviceAccounts/sa-single-account@course-valavan.iam.gserviceaccount.com",
            "project": "course-valavan",
            "timeouts": null,
            "unique_id": "117846311677445329475"
          },
          "sensitive_attributes": [],
          "private": "eyJlMmJmYjczMC1lY2FhLTExZTYtOGY4OC0zNDM2M2JjN2M0YzAiOnsiY3JlYXRlIjozMDAwMDAwMDAwMDB9fQ=="
        }
      ]
    }
  ]
}
